<Solution>
  <Folder Name="/src/">
    <Project Path="src/UniShare.Application/UniShare.Application.csproj" />
    <Project Path="src/UniShare.Desktop/UniShare.Desktop.csproj" />
    <Project Path="src/UniShare.Domain/UniShare.Domain.csproj" />
    <Project Path="src/UniShare.Infrastructure/UniShare.Infrastructure.csproj" />
  </Folder>
  <Folder Name="/tests/">
    <Project Path="tests/UniShare.DownloadCrashHarness/UniShare.DownloadCrashHarness.csproj" />
    <Project Path="tests/UniShare.Desktop.Tests/UniShare.Desktop.Tests.csproj" />
    <Project Path="tests/UniShare.Domain.Tests/UniShare.Domain.Tests.csproj" />
    <Project Path="tests/UniShare.Infrastructure.Tests/UniShare.Infrastructure.Tests.csproj" />
  </Folder>
  <Folder Name="/tools/">
    <Project Path="tools/UniShare.Backup/UniShare.Backup.csproj" />
    <Project Path="tools/UniShare.Benchmarks/UniShare.Benchmarks.csproj" />
  </Folder>
</Solution>
